// !$*UTF8*$!
{
	archiveVersion = 1;
	classes = {
	};
	objectVersion = 46;
	objects = {

/* Begin PBXBuildFile section */
		235A13091DD90E6F00B16D9D /* gemstones.cpp in Sources */ = {isa = PBXBuildFile; fileRef = 235A13071DD90E6F00B16D9D /* gemstones.cpp */; };
		235A130C1DD90EDB00B16D9D /* cardfactory.cpp in Sources */ = {isa = PBXBuildFile; fileRef = 235A130A1DD90EDB00B16D9D /* cardfactory.cpp */; };
		235A130F1DD90EE500B16D9D /* deck.cpp in Sources */ = {isa = PBXBuildFile; fileRef = 235A130D1DD90EE500B16D9D /* deck.cpp */; };
		235A13121DD90EFD00B16D9D /* discard_pile.cpp in Sources */ = {isa = PBXBuildFile; fileRef = 235A13101DD90EFD00B16D9D /* discard_pile.cpp */; };
		235A13161DD90F1C00B16D9D /* table.cpp in Sources */ = {isa = PBXBuildFile; fileRef = 235A13141DD90F1C00B16D9D /* table.cpp */; };
		235A13191DD90F2700B16D9D /* trade_area.cpp in Sources */ = {isa = PBXBuildFile; fileRef = 235A13171DD90F2700B16D9D /* trade_area.cpp */; };
		235A131C1DD90F2F00B16D9D /* hand.cpp in Sources */ = {isa = PBXBuildFile; fileRef = 235A131A1DD90F2F00B16D9D /* hand.cpp */; };
		235A131F1DD90F4100B16D9D /* players.cpp in Sources */ = {isa = PBXBuildFile; fileRef = 235A131D1DD90F4100B16D9D /* players.cpp */; };
		235A13211DD90F4D00B16D9D /* main.cpp in Sources */ = {isa = PBXBuildFile; fileRef = 235A13201DD90F4D00B16D9D /* main.cpp */; };
/* End PBXBuildFile section */

/* Begin PBXCopyFilesBuildPhase section */
		237B39D51DD6260800DCEF69 /* CopyFiles */ = {
			isa = PBXCopyFilesBuildPhase;
			buildActionMask = 2147483647;
			dstPath = /usr/share/man/man1/;
			dstSubfolderSpec = 0;
			files = (
			);
			runOnlyForDeploymentPostprocessing = 1;
		};
/* End PBXCopyFilesBuildPhase section */

/* Begin PBXFileReference section */
		235A13071DD90E6F00B16D9D /* gemstones.cpp */ = {isa = PBXFileReference; fileEncoding = 4; lastKnownFileType = sourcecode.cpp.cpp; path = gemstones.cpp; sourceTree = "<group>"; };
		235A13081DD90E6F00B16D9D /* gemstones.hpp */ = {isa = PBXFileReference; fileEncoding = 4; lastKnownFileType = sourcecode.cpp.h; path = gemstones.hpp; sourceTree = "<group>"; };
		235A130A1DD90EDB00B16D9D /* cardfactory.cpp */ = {isa = PBXFileReference; fileEncoding = 4; lastKnownFileType = sourcecode.cpp.cpp; path = cardfactory.cpp; sourceTree = "<group>"; };
		235A130B1DD90EDB00B16D9D /* cardfactory.hpp */ = {isa = PBXFileReference; fileEncoding = 4; lastKnownFileType = sourcecode.cpp.h; path = cardfactory.hpp; sourceTree = "<group>"; };
		235A130D1DD90EE500B16D9D /* deck.cpp */ = {isa = PBXFileReference; fileEncoding = 4; lastKnownFileType = sourcecode.cpp.cpp; path = deck.cpp; sourceTree = "<group>"; };
		235A130E1DD90EE500B16D9D /* deck.hpp */ = {isa = PBXFileReference; fileEncoding = 4; lastKnownFileType = sourcecode.cpp.h; path = deck.hpp; sourceTree = "<group>"; };
		235A13101DD90EFD00B16D9D /* discard_pile.cpp */ = {isa = PBXFileReference; fileEncoding = 4; lastKnownFileType = sourcecode.cpp.cpp; path = discard_pile.cpp; sourceTree = "<group>"; };
		235A13111DD90EFD00B16D9D /* discard_pile.hpp */ = {isa = PBXFileReference; fileEncoding = 4; lastKnownFileType = sourcecode.cpp.h; path = discard_pile.hpp; sourceTree = "<group>"; };
		235A13131DD90F0A00B16D9D /* chain.hpp */ = {isa = PBXFileReference; lastKnownFileType = sourcecode.cpp.h; path = chain.hpp; sourceTree = "<group>"; };
		235A13141DD90F1C00B16D9D /* table.cpp */ = {isa = PBXFileReference; fileEncoding = 4; lastKnownFileType = sourcecode.cpp.cpp; path = table.cpp; sourceTree = "<group>"; };
		235A13151DD90F1C00B16D9D /* table.hpp */ = {isa = PBXFileReference; fileEncoding = 4; lastKnownFileType = sourcecode.cpp.h; path = table.hpp; sourceTree = "<group>"; };
		235A13171DD90F2700B16D9D /* trade_area.cpp */ = {isa = PBXFileReference; fileEncoding = 4; lastKnownFileType = sourcecode.cpp.cpp; path = trade_area.cpp; sourceTree = "<group>"; };
		235A13181DD90F2700B16D9D /* trade_area.hpp */ = {isa = PBXFileReference; fileEncoding = 4; lastKnownFileType = sourcecode.cpp.h; path = trade_area.hpp; sourceTree = "<group>"; };
		235A131A1DD90F2F00B16D9D /* hand.cpp */ = {isa = PBXFileReference; fileEncoding = 4; lastKnownFileType = sourcecode.cpp.cpp; path = hand.cpp; sourceTree = "<group>"; };
		235A131B1DD90F2F00B16D9D /* hand.hpp */ = {isa = PBXFileReference; fileEncoding = 4; lastKnownFileType = sourcecode.cpp.h; path = hand.hpp; sourceTree = "<group>"; };
		235A131D1DD90F4100B16D9D /* players.cpp */ = {isa = PBXFileReference; fileEncoding = 4; lastKnownFileType = sourcecode.cpp.cpp; path = players.cpp; sourceTree = "<group>"; };
		235A131E1DD90F4100B16D9D /* players.hpp */ = {isa = PBXFileReference; fileEncoding = 4; lastKnownFileType = sourcecode.cpp.h; path = players.hpp; sourceTree = "<group>"; };
		235A13201DD90F4D00B16D9D /* main.cpp */ = {isa = PBXFileReference; fileEncoding = 4; lastKnownFileType = sourcecode.cpp.cpp; path = main.cpp; sourceTree = "<group>"; };
		237B39D71DD6260800DCEF69 /* gemstone */ = {isa = PBXFileReference; explicitFileType = "compiled.mach-o.executable"; includeInIndex = 0; path = gemstone; sourceTree = BUILT_PRODUCTS_DIR; };
/* End PBXFileReference section */

/* Begin PBXFrameworksBuildPhase section */
		237B39D41DD6260800DCEF69 /* Frameworks */ = {
			isa = PBXFrameworksBuildPhase;
			buildActionMask = 2147483647;
			files = (
			);
			runOnlyForDeploymentPostprocessing = 0;
		};
/* End PBXFrameworksBuildPhase section */

/* Begin PBXGroup section */
		237B39CE1DD6260800DCEF69 = {
			isa = PBXGroup;
			children = (
				237B39D91DD6260800DCEF69 /* gemstone */,
				237B39D81DD6260800DCEF69 /* Products */,
			);
			sourceTree = "<group>";
		};
		237B39D81DD6260800DCEF69 /* Products */ = {
			isa = PBXGroup;
			children = (
				237B39D71DD6260800DCEF69 /* gemstone */,
			);
			name = Products;
			sourceTree = "<group>";
		};
		237B39D91DD6260800DCEF69 /* gemstone */ = {
			isa = PBXGroup;
			children = (
				235A13071DD90E6F00B16D9D /* gemstones.cpp */,
				235A13081DD90E6F00B16D9D /* gemstones.hpp */,
				235A130A1DD90EDB00B16D9D /* cardfactory.cpp */,
				235A130B1DD90EDB00B16D9D /* cardfactory.hpp */,
				235A130D1DD90EE500B16D9D /* deck.cpp */,
				235A130E1DD90EE500B16D9D /* deck.hpp */,
				235A13101DD90EFD00B16D9D /* discard_pile.cpp */,
				235A13111DD90EFD00B16D9D /* discard_pile.hpp */,
				235A13131DD90F0A00B16D9D /* chain.hpp */,
				235A13141DD90F1C00B16D9D /* table.cpp */,
				235A13151DD90F1C00B16D9D /* table.hpp */,
				235A13171DD90F2700B16D9D /* trade_area.cpp */,
				235A13181DD90F2700B16D9D /* trade_area.hpp */,
				235A131A1DD90F2F00B16D9D /* hand.cpp */,
				235A131B1DD90F2F00B16D9D /* hand.hpp */,
				235A131D1DD90F4100B16D9D /* players.cpp */,
				235A131E1DD90F4100B16D9D /* players.hpp */,
				235A13201DD90F4D00B16D9D /* main.cpp */,
			);
			path = gemstone;
			sourceTree = "<group>";
		};
/* End PBXGroup section */

/* Begin PBXNativeTarget section */
		237B39D61DD6260800DCEF69 /* gemstone */ = {
			isa = PBXNativeTarget;
			buildConfigurationList = 237B39DE1DD6260800DCEF69 /* Build configuration list for PBXNativeTarget "gemstone" */;
			buildPhases = (
				237B39D31DD6260800DCEF69 /* Sources */,
				237B39D41DD6260800DCEF69 /* Frameworks */,
				237B39D51DD6260800DCEF69 /* CopyFiles */,
			);
			buildRules = (
			);
			dependencies = (
			);
			name = gemstone;
			productName = gemstone;
			productReference = 237B39D71DD6260800DCEF69 /* gemstone */;
			productType = "com.apple.product-type.tool";
		};
/* End PBXNativeTarget section */

/* Begin PBXProject section */
		237B39CF1DD6260800DCEF69 /* Project object */ = {
			isa = PBXProject;
			attributes = {
				LastUpgradeCheck = 0800;
				ORGANIZATIONNAME = commitCommittee;
				TargetAttributes = {
					237B39D61DD6260800DCEF69 = {
						CreatedOnToolsVersion = 8.0;
						ProvisioningStyle = Automatic;
					};
				};
			};
			buildConfigurationList = 237B39D21DD6260800DCEF69 /* Build configuration list for PBXProject "gemstone" */;
			compatibilityVersion = "Xcode 3.2";
			developmentRegion = English;
			hasScannedForEncodings = 0;
			knownRegions = (
				en,
			);
			mainGroup = 237B39CE1DD6260800DCEF69;
			productRefGroup = 237B39D81DD6260800DCEF69 /* Products */;
			projectDirPath = "";
			projectRoot = "";
			targets = (
				237B39D61DD6260800DCEF69 /* gemstone */,
			);
		};
/* End PBXProject section */

/* Begin PBXSourcesBuildPhase section */
		237B39D31DD6260800DCEF69 /* Sources */ = {
			isa = PBXSourcesBuildPhase;
			buildActionMask = 2147483647;
			files = (
				235A131C1DD90F2F00B16D9D /* hand.cpp in Sources */,
				235A13121DD90EFD00B16D9D /* discard_pile.cpp in Sources */,
				235A13211DD90F4D00B16D9D /* main.cpp in Sources */,
				235A130C1DD90EDB00B16D9D /* cardfactory.cpp in Sources */,
				235A13161DD90F1C00B16D9D /* table.cpp in Sources */,
				235A131F1DD90F4100B16D9D /* players.cpp in Sources */,
				235A13091DD90E6F00B16D9D /* gemstones.cpp in Sources */,
				235A130F1DD90EE500B16D9D /* deck.cpp in Sources */,
				235A13191DD90F2700B16D9D /* trade_area.cpp in Sources */,
			);
			runOnlyForDeploymentPostprocessing = 0;
		};
/* End PBXSourcesBuildPhase section */

/* Begin XCBuildConfiguration section */
		237B39DC1DD6260800DCEF69 /* Debug */ = {
			isa = XCBuildConfiguration;
			buildSettings = {
				ALWAYS_SEARCH_USER_PATHS = NO;
				CLANG_ANALYZER_NONNULL = YES;
				CLANG_CXX_LANGUAGE_STANDARD = "gnu++0x";
				CLANG_CXX_LIBRARY = "libc++";
				CLANG_ENABLE_MODULES = YES;
				CLANG_ENABLE_OBJC_ARC = YES;
				CLANG_WARN_BOOL_CONVERSION = YES;
				CLANG_WARN_CONSTANT_CONVERSION = YES;
				CLANG_WARN_DIRECT_OBJC_ISA_USAGE = YES_ERROR;
				CLANG_WARN_DOCUMENTATION_COMMENTS = YES;
				CLANG_WARN_EMPTY_BODY = YES;
				CLANG_WARN_ENUM_CONVERSION = YES;
				CLANG_WARN_INFINITE_RECURSION = YES;
				CLANG_WARN_INT_CONVERSION = YES;
				CLANG_WARN_OBJC_ROOT_CLASS = YES_ERROR;
				CLANG_WARN_SUSPICIOUS_MOVES = YES;
				CLANG_WARN_UNREACHABLE_CODE = YES;
				CLANG_WARN__DUPLICATE_METHOD_MATCH = YES;
				CODE_SIGN_IDENTITY = "-";
				COPY_PHASE_STRIP = NO;
				DEBUG_INFORMATION_FORMAT = dwarf;
				ENABLE_STRICT_OBJC_MSGSEND = YES;
				ENABLE_TESTABILITY = YES;
				GCC_C_LANGUAGE_STANDARD = gnu99;
				GCC_DYNAMIC_NO_PIC = NO;
				GCC_NO_COMMON_BLOCKS = YES;
				GCC_OPTIMIZATION_LEVEL = 0;
				GCC_PREPROCESSOR_DEFINITIONS = (
					"DEBUG=1",
					"$(inherited)",
				);
				GCC_WARN_64_TO_32_BIT_CONVERSION = YES;
				GCC_WARN_ABOUT_RETURN_TYPE = YES_ERROR;
				GCC_WARN_UNDECLARED_SELECTOR = YES;
				GCC_WARN_UNINITIALIZED_AUTOS = YES_AGGRESSIVE;
				GCC_WARN_UNUSED_FUNCTION = YES;
				GCC_WARN_UNUSED_VARIABLE = YES;
				MACOSX_DEPLOYMENT_TARGET = 10.12;
				MTL_ENABLE_DEBUG_INFO = YES;
				ONLY_ACTIVE_ARCH = YES;
				SDKROOT = macosx;
			};
			name = Debug;
		};
		237B39DD1DD6260800DCEF69 /* Release */ = {
			isa = XCBuildConfiguration;
			buildSettings = {
				ALWAYS_SEARCH_USER_PATHS = NO;
				CLANG_ANALYZER_NONNULL = YES;
				CLANG_CXX_LANGUAGE_STANDARD = "gnu++0x";
				CLANG_CXX_LIBRARY = "libc++";
				CLANG_ENABLE_MODULES = YES;
				CLANG_ENABLE_OBJC_ARC = YES;
				CLANG_WARN_BOOL_CONVERSION = YES;
				CLANG_WARN_CONSTANT_CONVERSION = YES;
				CLANG_WARN_DIRECT_OBJC_ISA_USAGE = YES_ERROR;
				CLANG_WARN_DOCUMENTATION_COMMENTS = YES;
				CLANG_WARN_EMPTY_BODY = YES;
				CLANG_WARN_ENUM_CONVERSION = YES;
				CLANG_WARN_INFINITE_RECURSION = YES;
				CLANG_WARN_INT_CONVERSION = YES;
				CLANG_WARN_OBJC_ROOT_CLASS = YES_ERROR;
				CLANG_WARN_SUSPICIOUS_MOVES = YES;
				CLANG_WARN_UNREACHABLE_CODE = YES;
				CLANG_WARN__DUPLICATE_METHOD_MATCH = YES;
				CODE_SIGN_IDENTITY = "-";
				COPY_PHASE_STRIP = NO;
				DEBUG_INFORMATION_FORMAT = "dwarf-with-dsym";
				ENABLE_NS_ASSERTIONS = NO;
				ENABLE_STRICT_OBJC_MSGSEND = YES;
				GCC_C_LANGUAGE_STANDARD = gnu99;
				GCC_NO_COMMON_BLOCKS = YES;
				GCC_WARN_64_TO_32_BIT_CONVERSION = YES;
				GCC_WARN_ABOUT_RETURN_TYPE = YES_ERROR;
				GCC_WARN_UNDECLARED_SELECTOR = YES;
				GCC_WARN_UNINITIALIZED_AUTOS = YES_AGGRESSIVE;
				GCC_WARN_UNUSED_FUNCTION = YES;
				GCC_WARN_UNUSED_VARIABLE = YES;
				MACOSX_DEPLOYMENT_TARGET = 10.12;
				MTL_ENABLE_DEBUG_INFO = NO;
				SDKROOT = macosx;
			};
			name = Release;
		};
		237B39DF1DD6260800DCEF69 /* Debug */ = {
			isa = XCBuildConfiguration;
			buildSettings = {
				PRODUCT_NAME = "$(TARGET_NAME)";
			};
			name = Debug;
		};
		237B39E01DD6260800DCEF69 /* Release */ = {
			isa = XCBuildConfiguration;
			buildSettings = {
				PRODUCT_NAME = "$(TARGET_NAME)";
			};
			name = Release;
		};
/* End XCBuildConfiguration section */

/* Begin XCConfigurationList section */
		237B39D21DD6260800DCEF69 /* Build configuration list for PBXProject "gemstone" */ = {
			isa = XCConfigurationList;
			buildConfigurations = (
				237B39DC1DD6260800DCEF69 /* Debug */,
				237B39DD1DD6260800DCEF69 /* Release */,
			);
			defaultConfigurationIsVisible = 0;
			defaultConfigurationName = Release;
		};
		237B39DE1DD6260800DCEF69 /* Build configuration list for PBXNativeTarget "gemstone" */ = {
			isa = XCConfigurationList;
			buildConfigurations = (
				237B39DF1DD6260800DCEF69 /* Debug */,
				237B39E01DD6260800DCEF69 /* Release */,
			);
			defaultConfigurationIsVisible = 0;
			defaultConfigurationName = Release;
		};
/* End XCConfigurationList section */
	};
	rootObject = 237B39CF1DD6260800DCEF69 /* Project object */;
}
